{
  "requires": true,
  "lockfileVersion": 1,
  "dependencies": {
    "@babel/helper-annotate-as-pure": {
      "version": "7.10.1",
      "resolved": "https://registry.npmjs.org/@babel/helper-annotate-as-pure/-/helper-annotate-as-pure-7.10.1.tgz",
      "integrity": "sha512-ewp3rvJEwLaHgyWGe4wQssC2vjks3E80WiUe2BpMb0KhreTjMROCbxXcEovTrbeGVdQct5VjQfrv9EgC+xMzCw==",
      "dev": true,
      "requires": {
        "@babel/types": "^7.10.1"
      }
    },
    "@babel/helper-builder-react-jsx": {
      "version": "7.10.3",
      "resolved": "https://registry.npmjs.org/@babel/helper-builder-react-jsx/-/helper-builder-react-jsx-7.10.3.tgz",
      "integrity": "sha512-vkxmuFvmovtqTZknyMGj9+uQAZzz5Z9mrbnkJnPkaYGfKTaSsYcjQdXP0lgrWLVh8wU6bCjOmXOpx+kqUi+S5Q==",
      "dev": true,
      "requires": {
        "@babel/helper-annotate-as-pure": "^7.10.1",
        "@babel/types": "^7.10.3"
      }
    },
    "@babel/helper-builder-react-jsx-experimental": {
      "version": "7.10.1",
      "resolved": "https://registry.npmjs.org/@babel/helper-builder-react-jsx-experimental/-/helper-builder-react-jsx-experimental-7.10.1.tgz",
      "integrity": "sha512-irQJ8kpQUV3JasXPSFQ+LCCtJSc5ceZrPFVj6TElR6XCHssi3jV8ch3odIrNtjJFRZZVbrOEfJMI79TPU/h1pQ==",
      "dev": true,
      "requires": {
        "@babel/helper-annotate-as-pure": "^7.10.1",
        "@babel/helper-module-imports": "^7.10.1",
        "@babel/types": "^7.10.1"
      }
    },
    "@babel/helper-module-imports": {
      "version": "7.10.3",
      "resolved": "https://registry.npmjs.org/@babel/helper-module-imports/-/helper-module-imports-7.10.3.tgz",
      "integrity": "sha512-Jtqw5M9pahLSUWA+76nhK9OG8nwYXzhQzVIGFoNaHnXF/r4l7kz4Fl0UAW7B6mqC5myoJiBP5/YQlXQTMfHI9w==",
      "dev": true,
      "requires": {
        "@babel/types": "^7.10.3"
      }
    },
    "@babel/helper-plugin-utils": {
      "version": "7.10.3",
      "resolved": "https://registry.npmjs.org/@babel/helper-plugin-utils/-/helper-plugin-utils-7.10.3.tgz",
      "integrity": "sha512-j/+j8NAWUTxOtx4LKHybpSClxHoq6I91DQ/mKgAXn5oNUPIUiGppjPIX3TDtJWPrdfP9Kfl7e4fgVMiQR9VE/g==",
      "dev": true
    },
    "@babel/helper-validator-identifier": {
      "version": "7.10.3",
      "resolved": "https://registry.npmjs.org/@babel/helper-validator-identifier/-/helper-validator-identifier-7.10.3.tgz",
      "integrity": "sha512-bU8JvtlYpJSBPuj1VUmKpFGaDZuLxASky3LhaKj3bmpSTY6VWooSM8msk+Z0CZoErFye2tlABF6yDkT3FOPAXw==",
      "dev": true
    },
    "@babel/plugin-syntax-jsx": {
      "version": "7.10.1",
      "resolved": "https://registry.npmjs.org/@babel/plugin-syntax-jsx/-/plugin-syntax-jsx-7.10.1.tgz",
      "integrity": "sha512-+OxyOArpVFXQeXKLO9o+r2I4dIoVoy6+Uu0vKELrlweDM3QJADZj+Z+5ERansZqIZBcLj42vHnDI8Rz9BnRIuQ==",
      "dev": true,
      "requires": {
        "@babel/helper-plugin-utils": "^7.10.1"
      }
    },
    "@babel/plugin-transform-react-display-name": {
      "version": "7.10.3",
      "resolved": "https://registry.npmjs.org/@babel/plugin-transform-react-display-name/-/plugin-transform-react-display-name-7.10.3.tgz",
      "integrity": "sha512-dOV44bnSW5KZ6kYF6xSHBth7TFiHHZReYXH/JH3XnFNV+soEL1F5d8JT7AJ3ZBncd19Qul7SN4YpBnyWOnQ8KA==",
      "dev": true,
      "requires": {
        "@babel/helper-plugin-utils": "^7.10.3"
      }
    },
    "@babel/plugin-transform-react-jsx": {
      "version": "7.10.3",
      "resolved": "https://registry.npmjs.org/@babel/plugin-transform-react-jsx/-/plugin-transform-react-jsx-7.10.3.tgz",
      "integrity": "sha512-Y21E3rZmWICRJnvbGVmDLDZ8HfNDIwjGF3DXYHx1le0v0mIHCs0Gv5SavyW5Z/jgAHLaAoJPiwt+Dr7/zZKcOQ==",
      "dev": true,
      "requires": {
        "@babel/helper-builder-react-jsx": "^7.10.3",
        "@babel/helper-builder-react-jsx-experimental": "^7.10.1",
        "@babel/helper-plugin-utils": "^7.10.3",
        "@babel/plugin-syntax-jsx": "^7.10.1"
      }
    },
    "@babel/plugin-transform-react-jsx-development": {
      "version": "7.10.1",
      "resolved": "https://registry.npmjs.org/@babel/plugin-transform-react-jsx-development/-/plugin-transform-react-jsx-development-7.10.1.tgz",
      "integrity": "sha512-XwDy/FFoCfw9wGFtdn5Z+dHh6HXKHkC6DwKNWpN74VWinUagZfDcEJc3Y8Dn5B3WMVnAllX8Kviaw7MtC5Epwg==",
      "dev": true,
      "requires": {
        "@babel/helper-builder-react-jsx-experimental": "^7.10.1",
        "@babel/helper-plugin-utils": "^7.10.1",
        "@babel/plugin-syntax-jsx": "^7.10.1"
      }
    },
    "@babel/plugin-transform-react-jsx-self": {
      "version": "7.10.1",
      "resolved": "https://registry.npmjs.org/@babel/plugin-transform-react-jsx-self/-/plugin-transform-react-jsx-self-7.10.1.tgz",
      "integrity": "sha512-4p+RBw9d1qV4S749J42ZooeQaBomFPrSxa9JONLHJ1TxCBo3TzJ79vtmG2S2erUT8PDDrPdw4ZbXGr2/1+dILA==",
      "dev": true,
      "requires": {
        "@babel/helper-plugin-utils": "^7.10.1",
        "@babel/plugin-syntax-jsx": "^7.10.1"
      }
    },
    "@babel/plugin-transform-react-jsx-source": {
      "version": "7.10.1",
      "resolved": "https://registry.npmjs.org/@babel/plugin-transform-react-jsx-source/-/plugin-transform-react-jsx-source-7.10.1.tgz",
      "integrity": "sha512-neAbaKkoiL+LXYbGDvh6PjPG+YeA67OsZlE78u50xbWh2L1/C81uHiNP5d1fw+uqUIoiNdCC8ZB+G4Zh3hShJA==",
      "dev": true,
      "requires": {
        "@babel/helper-plugin-utils": "^7.10.1",
        "@babel/plugin-syntax-jsx": "^7.10.1"
      }
    },
    "@babel/plugin-transform-react-pure-annotations": {
      "version": "7.10.3",
      "resolved": "https://registry.npmjs.org/@babel/plugin-transform-react-pure-annotations/-/plugin-transform-react-pure-annotations-7.10.3.tgz",
      "integrity": "sha512-n/fWYGqvTl7OLZs/QcWaKMFdADPvC3V6jYuEOpPyvz97onsW9TXn196fHnHW1ZgkO20/rxLOgKnEtN1q9jkgqA==",
      "dev": true,
      "requires": {
        "@babel/helper-annotate-as-pure": "^7.10.1",
        "@babel/helper-plugin-utils": "^7.10.3"
      }
    },
    "@babel/preset-react": {
      "version": "7.10.1",
      "resolved": "https://registry.npmjs.org/@babel/preset-react/-/preset-react-7.10.1.tgz",
      "integrity": "sha512-Rw0SxQ7VKhObmFjD/cUcKhPTtzpeviEFX1E6PgP+cYOhQ98icNqtINNFANlsdbQHrmeWnqdxA4Tmnl1jy5tp3Q==",
      "dev": true,
      "requires": {
        "@babel/helper-plugin-utils": "^7.10.1",
        "@babel/plugin-transform-react-display-name": "^7.10.1",
        "@babel/plugin-transform-react-jsx": "^7.10.1",
        "@babel/plugin-transform-react-jsx-development": "^7.10.1",
        "@babel/plugin-transform-react-jsx-self": "^7.10.1",
        "@babel/plugin-transform-react-jsx-source": "^7.10.1",
        "@babel/plugin-transform-react-pure-annotations": "^7.10.1"
      }
    },
    "@babel/types": {
      "version": "7.10.3",
      "resolved": "https://registry.npmjs.org/@babel/types/-/types-7.10.3.tgz",
      "integrity": "sha512-nZxaJhBXBQ8HVoIcGsf9qWep3Oh3jCENK54V4mRF7qaJabVsAYdbTtmSD8WmAp1R6ytPiu5apMwSXyxB1WlaBA==",
      "dev": true,
      "requires": {
        "@babel/helper-validator-identifier": "^7.10.3",
        "lodash": "^4.17.13",
        "to-fast-properties": "^2.0.0"
      }
    },
    "lodash": {
      "version": "4.17.15",
      "resolved": "https://registry.npmjs.org/lodash/-/lodash-4.17.15.tgz",
      "integrity": "sha512-8xOcRHvCjnocdS5cpwXQXVzmmh5e5+saE2QGoeQmbKmRS6J3VQppPOIt0MnmE+4xlZoumy0GPG0D0MVIQbNA1A==",
      "dev": true
    },
    "to-fast-properties": {
      "version": "2.0.0",
      "resolved": "https://registry.npmjs.org/to-fast-properties/-/to-fast-properties-2.0.0.tgz",
      "integrity": "sha1-3F5pjL0HkmW8c+A3doGk5Og/YW4=",
      "dev": true
    }
  }
}
